
Microsoft Visual Studio Solution File, Format Version 12.00
# Visual Studio Version 16
VisualStudioVersion = 16.0.30104.148
MinimumVisualStudioVersion = 10.0.40219.1
Project("{FAE04EC0-301F-11D3-BF4B-00C04F79EFBC}") = "Sample.Web", "Sample.Web\Sample.Web.csproj", "{0B37847B-D9B1-4369-87AD-97CBE65C856E}"
EndProject
Global
	GlobalSection(SolutionConfigurationPlatforms) = preSolution
		Debug|Any CPU = Debug|Any CPU
		Release|Any CPU = Release|Any CPU
	EndGlobalSection
	GlobalSection(ProjectConfigurationPlatforms) = postSolution
		{0B37847B-D9B1-4369-87AD-97CBE65C856E}.Debug|Any CPU.ActiveCfg = Debug|Any CPU
		{0B37847B-D9B1-4369-87AD-97CBE65C856E}.Debug|Any CPU.Build.0 = Debug|Any CPU
		{0B37847B-D9B1-4369-87AD-97CBE65C856E}.Release|Any CPU.ActiveCfg = Release|Any CPU
		{0B37847B-D9B1-4369-87AD-97CBE65C856E}.Release|Any CPU.Build.0 = Release|Any CPU
	EndGlobalSection
	GlobalSection(SolutionProperties) = preSolution
		HideSolutionNode = FALSE
	EndGlobalSection
	GlobalSection(ExtensibilityGlobals) = postSolution
		SolutionGuid = {37B0711D-6856-42B4-A220-86F785CCF260}
	EndGlobalSection
EndGlobal
